
Microsoft Visual Studio Solution File, Format Version 12.00
# Visual Studio Version 17
VisualStudioVersion = 17.7.34031.279
MinimumVisualStudioVersion = 10.0.40219.1
Project("{2150E333-8FDC-42A3-9474-1A3956D46DE8}") = "Solution Items", "Solution Items", "{59EEAB81-69D9-4EE5-93CD-5DC68F7EE51A}"
EndProject
Project("{FAE04EC0-301F-11D3-BF4B-00C04F79EFBC}") = "IngExportInlezen.Domain", "IngExportInlezen.Domain\IngExportInlezen.Domain.csproj", "{3283A068-9D51-4A04-BF61-3FA111362D62}"
EndProject
Project("{FAE04EC0-301F-11D3-BF4B-00C04F79EFBC}") = "IngExportInlezen.Application", "IngExportInlezen.Application\IngExportInlezen.Application.csproj", "{B81CCC76-CA86-477B-AC54-B0374C5B0B32}"
EndProject
Global
	GlobalSection(SolutionConfigurationPlatforms) = preSolution
		Debug|Any CPU = Debug|Any CPU
		Release|Any CPU = Release|Any CPU
	EndGlobalSection
	GlobalSection(ProjectConfigurationPlatforms) = postSolution
		{3283A068-9D51-4A04-BF61-3FA111362D62}.Debug|Any CPU.ActiveCfg = Debug|Any CPU
		{3283A068-9D51-4A04-BF61-3FA111362D62}.Debug|Any CPU.Build.0 = Debug|Any CPU
		{3283A068-9D51-4A04-BF61-3FA111362D62}.Release|Any CPU.ActiveCfg = Release|Any CPU
		{3283A068-9D51-4A04-BF61-3FA111362D62}.Release|Any CPU.Build.0 = Release|Any CPU
		{B81CCC76-CA86-477B-AC54-B0374C5B0B32}.Debug|Any CPU.ActiveCfg = Debug|Any CPU
		{B81CCC76-CA86-477B-AC54-B0374C5B0B32}.Debug|Any CPU.Build.0 = Debug|Any CPU
		{B81CCC76-CA86-477B-AC54-B0374C5B0B32}.Release|Any CPU.ActiveCfg = Release|Any CPU
		{B81CCC76-CA86-477B-AC54-B0374C5B0B32}.Release|Any CPU.Build.0 = Release|Any CPU
	EndGlobalSection
	GlobalSection(SolutionProperties) = preSolution
		HideSolutionNode = FALSE
	EndGlobalSection
	GlobalSection(ExtensibilityGlobals) = postSolution
		SolutionGuid = {80A89023-F71D-4A85-BB81-E583197BDED4}
	EndGlobalSection
EndGlobal
